
Microsoft Visual Studio Solution File, Format Version 12.00
# Visual Studio Version 17
VisualStudioVersion = 17.8.34309.116
MinimumVisualStudioVersion = 10.0.40219.1
Project("{FAE04EC0-301F-11D3-BF4B-00C04F79EFBC}") = "MLAB_ACT3_BALLESTEROS SAM", "MLAB_ACT3_BALLESTEROS SAM\MLAB_ACT3_BALLESTEROS SAM.csproj", "{9C471199-EE52-4971-B0D5-EBEAFA68EC41}"
EndProject
Global
	GlobalSection(SolutionConfigurationPlatforms) = preSolution
		Debug|Any CPU = Debug|Any CPU
		Release|Any CPU = Release|Any CPU
	EndGlobalSection
	GlobalSection(ProjectConfigurationPlatforms) = postSolution
		{9C471199-EE52-4971-B0D5-EBEAFA68EC41}.Debug|Any CPU.ActiveCfg = Debug|Any CPU
		{9C471199-EE52-4971-B0D5-EBEAFA68EC41}.Debug|Any CPU.Build.0 = Debug|Any CPU
		{9C471199-EE52-4971-B0D5-EBEAFA68EC41}.Release|Any CPU.ActiveCfg = Release|Any CPU
		{9C471199-EE52-4971-B0D5-EBEAFA68EC41}.Release|Any CPU.Build.0 = Release|Any CPU
	EndGlobalSection
	GlobalSection(SolutionProperties) = preSolution
		HideSolutionNode = FALSE
	EndGlobalSection
	GlobalSection(ExtensibilityGlobals) = postSolution
		SolutionGuid = {48D691B2-0125-4E68-8E7D-84857552E7E2}
	EndGlobalSection
EndGlobal
